
Microsoft Visual Studio Solution File, Format Version 12.00
Project("{FAE04EC0-301F-11D3-BF4B-00C04F79EFBC}") = "API", "API\API.csproj", "{790D6884-1D9A-4D89-A41D-C818814CD8DF}"
EndProject
Project("{FAE04EC0-301F-11D3-BF4B-00C04F79EFBC}") = "Domain", "Domain\Domain.csproj", "{30719F41-3258-4F60-9C46-5C5CD75258DE}"
EndProject
Project("{FAE04EC0-301F-11D3-BF4B-00C04F79EFBC}") = "Application", "Application\Application.csproj", "{F63D3DD4-B999-4977-B9B3-1CF36D422CAD}"
EndProject
Project("{FAE04EC0-301F-11D3-BF4B-00C04F79EFBC}") = "Persistence", "Persistence\Persistence.csproj", "{A1624864-80DB-4269-911A-6DC7D0594B16}"
EndProject
Global
	GlobalSection(SolutionConfigurationPlatforms) = preSolution
		Debug|Any CPU = Debug|Any CPU
		Release|Any CPU = Release|Any CPU
	EndGlobalSection
	GlobalSection(ProjectConfigurationPlatforms) = postSolution
		{790D6884-1D9A-4D89-A41D-C818814CD8DF}.Debug|Any CPU.ActiveCfg = Debug|Any CPU
		{790D6884-1D9A-4D89-A41D-C818814CD8DF}.Debug|Any CPU.Build.0 = Debug|Any CPU
		{790D6884-1D9A-4D89-A41D-C818814CD8DF}.Release|Any CPU.ActiveCfg = Release|Any CPU
		{790D6884-1D9A-4D89-A41D-C818814CD8DF}.Release|Any CPU.Build.0 = Release|Any CPU
		{30719F41-3258-4F60-9C46-5C5CD75258DE}.Debug|Any CPU.ActiveCfg = Debug|Any CPU
		{30719F41-3258-4F60-9C46-5C5CD75258DE}.Debug|Any CPU.Build.0 = Debug|Any CPU
		{30719F41-3258-4F60-9C46-5C5CD75258DE}.Release|Any CPU.ActiveCfg = Release|Any CPU
		{30719F41-3258-4F60-9C46-5C5CD75258DE}.Release|Any CPU.Build.0 = Release|Any CPU
		{F63D3DD4-B999-4977-B9B3-1CF36D422CAD}.Debug|Any CPU.ActiveCfg = Debug|Any CPU
		{F63D3DD4-B999-4977-B9B3-1CF36D422CAD}.Debug|Any CPU.Build.0 = Debug|Any CPU
		{F63D3DD4-B999-4977-B9B3-1CF36D422CAD}.Release|Any CPU.ActiveCfg = Release|Any CPU
		{F63D3DD4-B999-4977-B9B3-1CF36D422CAD}.Release|Any CPU.Build.0 = Release|Any CPU
		{A1624864-80DB-4269-911A-6DC7D0594B16}.Debug|Any CPU.ActiveCfg = Debug|Any CPU
		{A1624864-80DB-4269-911A-6DC7D0594B16}.Debug|Any CPU.Build.0 = Debug|Any CPU
		{A1624864-80DB-4269-911A-6DC7D0594B16}.Release|Any CPU.ActiveCfg = Release|Any CPU
		{A1624864-80DB-4269-911A-6DC7D0594B16}.Release|Any CPU.Build.0 = Release|Any CPU
	EndGlobalSection
EndGlobal
